
Microsoft Visual Studio Solution File, Format Version 12.00
Project("{FAE04EC0-301F-11D3-BF4B-00C04F79EFBC}") = "poker-marola", "poker-marola\poker-marola.csproj", "{C40DBC38-F298-43A0-9663-D990E823575A}"
EndProject
Project("{FAE04EC0-301F-11D3-BF4B-00C04F79EFBC}") = "Backend", "Backend\Backend.csproj", "{737ADFA1-371F-4C22-AE52-82A5FD0F2778}"
EndProject
Project("{2150E333-8FDC-42A3-9474-1A3956D46DE8}") = "Solution Items", "Solution Items", "{5108C679-1B91-4F00-A80D-0AAF1CCC8F64}"
	ProjectSection(SolutionItems) = preProject
		compose.yaml = compose.yaml
	EndProjectSection
EndProject
Global
	GlobalSection(SolutionConfigurationPlatforms) = preSolution
		Debug|Any CPU = Debug|Any CPU
		Release|Any CPU = Release|Any CPU
	EndGlobalSection
	GlobalSection(ProjectConfigurationPlatforms) = postSolution
		{C40DBC38-F298-43A0-9663-D990E823575A}.Debug|Any CPU.ActiveCfg = Debug|Any CPU
		{C40DBC38-F298-43A0-9663-D990E823575A}.Debug|Any CPU.Build.0 = Debug|Any CPU
		{C40DBC38-F298-43A0-9663-D990E823575A}.Release|Any CPU.ActiveCfg = Release|Any CPU
		{C40DBC38-F298-43A0-9663-D990E823575A}.Release|Any CPU.Build.0 = Release|Any CPU
		{737ADFA1-371F-4C22-AE52-82A5FD0F2778}.Debug|Any CPU.ActiveCfg = Debug|Any CPU
		{737ADFA1-371F-4C22-AE52-82A5FD0F2778}.Debug|Any CPU.Build.0 = Debug|Any CPU
		{737ADFA1-371F-4C22-AE52-82A5FD0F2778}.Release|Any CPU.ActiveCfg = Release|Any CPU
		{737ADFA1-371F-4C22-AE52-82A5FD0F2778}.Release|Any CPU.Build.0 = Release|Any CPU
	EndGlobalSection
EndGlobal
