
Microsoft Visual Studio Solution File, Format Version 12.00
Project("{FAE04EC0-301F-11D3-BF4B-00C04F79EFBC}") = "poker-marola", "poker-marola\poker-marola.csproj", "{C40DBC38-F298-43A0-9663-D990E823575A}"
EndProject
Global
	GlobalSection(SolutionConfigurationPlatforms) = preSolution
		Debug|Any CPU = Debug|Any CPU
		Release|Any CPU = Release|Any CPU
	EndGlobalSection
	GlobalSection(ProjectConfigurationPlatforms) = postSolution
		{C40DBC38-F298-43A0-9663-D990E823575A}.Debug|Any CPU.ActiveCfg = Debug|Any CPU
		{C40DBC38-F298-43A0-9663-D990E823575A}.Debug|Any CPU.Build.0 = Debug|Any CPU
		{C40DBC38-F298-43A0-9663-D990E823575A}.Release|Any CPU.ActiveCfg = Release|Any CPU
		{C40DBC38-F298-43A0-9663-D990E823575A}.Release|Any CPU.Build.0 = Release|Any CPU
	EndGlobalSection
EndGlobal
